
Microsoft Visual Studio Solution File, Format Version 12.00
Project("{FAE04EC0-301F-11D3-BF4B-00C04F79EFBC}") = "PC_CodeFirst", "PC_CodeFirst\PC_CodeFirst.csproj", "{47D9C49A-997B-4939-ABBB-987B8C2CBFA7}"
EndProject
Global
	GlobalSection(SolutionConfigurationPlatforms) = preSolution
		Debug|Any CPU = Debug|Any CPU
		Release|Any CPU = Release|Any CPU
	EndGlobalSection
	GlobalSection(ProjectConfigurationPlatforms) = postSolution
		{47D9C49A-997B-4939-ABBB-987B8C2CBFA7}.Debug|Any CPU.ActiveCfg = Debug|Any CPU
		{47D9C49A-997B-4939-ABBB-987B8C2CBFA7}.Debug|Any CPU.Build.0 = Debug|Any CPU
		{47D9C49A-997B-4939-ABBB-987B8C2CBFA7}.Release|Any CPU.ActiveCfg = Release|Any CPU
		{47D9C49A-997B-4939-ABBB-987B8C2CBFA7}.Release|Any CPU.Build.0 = Release|Any CPU
	EndGlobalSection
EndGlobal
